
Microsoft Visual Studio Solution File, Format Version 12.00
# Visual Studio 15
Project("{FAE04EC0-301F-11D3-BF4B-00C04F79EFBC}") = "Oculus.Platform", "Oculus.Platform.csproj", "{C83BF33B-CC26-17B9-6BCA-ADCF2BFD15CA}"
EndProject
Project("{FAE04EC0-301F-11D3-BF4B-00C04F79EFBC}") = "Assembly-CSharp", "Assembly-CSharp.csproj", "{98E8AA19-57F6-19AE-DCC6-48BEBD8B30EB}"
EndProject
Project("{FAE04EC0-301F-11D3-BF4B-00C04F79EFBC}") = "Oculus.Spatializer", "Oculus.Spatializer.csproj", "{C454BA3C-7AAA-FFBC-916B-B9BCACE18173}"
EndProject
Project("{FAE04EC0-301F-11D3-BF4B-00C04F79EFBC}") = "Meta.WitAi", "Meta.WitAi.csproj", "{196B9C7E-DCC1-72D0-FEBE-0A747090D333}"
EndProject
Project("{FAE04EC0-301F-11D3-BF4B-00C04F79EFBC}") = "Oculus.Interaction", "Oculus.Interaction.csproj", "{6786D26B-9B05-214C-1FB8-3B34966FF1EE}"
EndProject
Project("{FAE04EC0-301F-11D3-BF4B-00C04F79EFBC}") = "Meta.WitAi.Lib", "Meta.WitAi.Lib.csproj", "{BF38195C-C804-D743-866B-10200BA095B5}"
EndProject
Project("{FAE04EC0-301F-11D3-BF4B-00C04F79EFBC}") = "Oculus.Interaction.OVR.Samples", "Oculus.Interaction.OVR.Samples.csproj", "{C703E053-DFF4-5801-B070-362151DB6666}"
EndProject
Project("{FAE04EC0-301F-11D3-BF4B-00C04F79EFBC}") = "Oculus.VR", "Oculus.VR.csproj", "{BAF1718B-C02D-1FCB-990A-F0813DAD8B6E}"
EndProject
Project("{FAE04EC0-301F-11D3-BF4B-00C04F79EFBC}") = "Meta.XR.BuildingBlocks", "Meta.XR.BuildingBlocks.csproj", "{80B4ABA9-58A6-4953-81DC-6A486D85C67B}"
EndProject
Project("{FAE04EC0-301F-11D3-BF4B-00C04F79EFBC}") = "Meta.Voice.Samples.LiveUnderstanding", "Meta.Voice.Samples.LiveUnderstanding.csproj", "{B44D86E3-A4B5-B70F-F4F5-970C45DA8C64}"
EndProject
Project("{FAE04EC0-301F-11D3-BF4B-00C04F79EFBC}") = "VoiceSDK.Dictation.Runtime", "VoiceSDK.Dictation.Runtime.csproj", "{0A585362-2981-D2D6-6B8D-F48A27A9303F}"
EndProject
Project("{FAE04EC0-301F-11D3-BF4B-00C04F79EFBC}") = "Meta.WitAi.TTS", "Meta.WitAi.TTS.csproj", "{8D567C5A-3E9B-ED85-48C9-51E1318E70E6}"
EndProject
Project("{FAE04EC0-301F-11D3-BF4B-00C04F79EFBC}") = "Oculus.AudioManager", "Oculus.AudioManager.csproj", "{6FBAE4C5-0465-CFA4-FDCB-D9FF81741E58}"
EndProject
Project("{FAE04EC0-301F-11D3-BF4B-00C04F79EFBC}") = "Meta.Voice.Hub.Runtime", "Meta.Voice.Hub.Runtime.csproj", "{F7CE4720-A6C0-02FA-16DA-30AD55E10B9B}"
EndProject
Project("{FAE04EC0-301F-11D3-BF4B-00C04F79EFBC}") = "VoiceSDK.Runtime", "VoiceSDK.Runtime.csproj", "{38CD6853-E7DB-9DDF-9011-EFC29F921EBF}"
EndProject
Project("{FAE04EC0-301F-11D3-BF4B-00C04F79EFBC}") = "Facebook.Wit.Dictation", "Facebook.Wit.Dictation.csproj", "{3ED0DCF2-1813-B9CB-75D6-D9915C70CDE7}"
EndProject
Project("{FAE04EC0-301F-11D3-BF4B-00C04F79EFBC}") = "Meta.Voice.Samples.Dictation", "Meta.Voice.Samples.Dictation.csproj", "{411550A7-9D98-BB92-9AA7-6C324D10971E}"
EndProject
Project("{FAE04EC0-301F-11D3-BF4B-00C04F79EFBC}") = "Oculus.Interaction.OVR", "Oculus.Interaction.OVR.csproj", "{0CB4C9E0-313D-3D82-01F9-E909B1D46BA8}"
EndProject
Project("{FAE04EC0-301F-11D3-BF4B-00C04F79EFBC}") = "AssistantCoreSDKRuntime", "AssistantCoreSDKRuntime.csproj", "{0F3316E4-E74D-3B90-1836-B1B0190DF204}"
EndProject
Project("{FAE04EC0-301F-11D3-BF4B-00C04F79EFBC}") = "Meta.WitAi.Conduit", "Meta.WitAi.Conduit.csproj", "{8B8A9C7F-F590-AFFA-CB69-07C08F7E5BF2}"
EndProject
Project("{FAE04EC0-301F-11D3-BF4B-00C04F79EFBC}") = "Oculus.LipSync", "Oculus.LipSync.csproj", "{1E05504F-C58E-36E5-053B-1431385C491E}"
EndProject
Project("{FAE04EC0-301F-11D3-BF4B-00C04F79EFBC}") = "Meta.Voice.Samples.Shapes", "Meta.Voice.Samples.Shapes.csproj", "{F2A337D0-52E9-AAF2-1E17-9907A0767BD8}"
EndProject
Project("{FAE04EC0-301F-11D3-BF4B-00C04F79EFBC}") = "Meta.Voice.Samples.TTSVoices", "Meta.Voice.Samples.TTSVoices.csproj", "{58218D26-905E-DD9F-40D0-60AC755B20B7}"
EndProject
Project("{FAE04EC0-301F-11D3-BF4B-00C04F79EFBC}") = "Meta.VoiceSDK.Mic.Other", "Meta.VoiceSDK.Mic.Other.csproj", "{B774040D-D2B2-C912-383D-DA3403271D99}"
EndProject
Project("{FAE04EC0-301F-11D3-BF4B-00C04F79EFBC}") = "Meta.VoiceSDK.Mic.Common", "Meta.VoiceSDK.Mic.Common.csproj", "{1A2C5ED7-83C6-39C6-3211-4E60B276992D}"
EndProject
Project("{FAE04EC0-301F-11D3-BF4B-00C04F79EFBC}") = "Meta.Voice.Samples.Chess", "Meta.Voice.Samples.Chess.csproj", "{B1E6E201-1ACE-B811-67A2-3046E4B51D62}"
EndProject
Project("{FAE04EC0-301F-11D3-BF4B-00C04F79EFBC}") = "Meta.Voice.Samples.ShapesConduit", "Meta.Voice.Samples.ShapesConduit.csproj", "{963AF924-76C4-ED52-DCE9-C1C0B75FF8C7}"
EndProject
Project("{FAE04EC0-301F-11D3-BF4B-00C04F79EFBC}") = "Meta.VoiceSDK.Mic.WebGL", "Meta.VoiceSDK.Mic.WebGL.csproj", "{EAD3810E-0326-892D-5E3E-29A2514429B4}"
EndProject
Project("{FAE04EC0-301F-11D3-BF4B-00C04F79EFBC}") = "Meta.Voice.Samples.BuiltInTimer", "Meta.Voice.Samples.BuiltInTimer.csproj", "{908D2A8D-27C0-0016-8C7A-A4ABA19722F6}"
EndProject
Project("{FAE04EC0-301F-11D3-BF4B-00C04F79EFBC}") = "Meta.Voice.Samples.LightTraits", "Meta.Voice.Samples.LightTraits.csproj", "{E38665F4-230C-E127-B413-E536E6587E35}"
EndProject
Project("{FAE04EC0-301F-11D3-BF4B-00C04F79EFBC}") = "Meta.WitAi.Editor", "Meta.WitAi.Editor.csproj", "{08D77E1E-77E3-469A-D070-CECBAB6B5B4E}"
EndProject
Project("{FAE04EC0-301F-11D3-BF4B-00C04F79EFBC}") = "Oculus.Interaction.Editor", "Oculus.Interaction.Editor.csproj", "{E1C52EAF-CB19-F4A6-41DA-EE6F2717A2F5}"
EndProject
Project("{FAE04EC0-301F-11D3-BF4B-00C04F79EFBC}") = "Meta.Voice.Hub.Editor", "Meta.Voice.Hub.Editor.csproj", "{8D2F735E-8ACF-41EE-BC47-CBC9D07901A4}"
EndProject
Project("{FAE04EC0-301F-11D3-BF4B-00C04F79EFBC}") = "Meta.WitAI.Lib.Editor", "Meta.WitAI.Lib.Editor.csproj", "{EFC6DABA-D73A-BAA5-1A3A-DCED98242396}"
EndProject
Project("{FAE04EC0-301F-11D3-BF4B-00C04F79EFBC}") = "Oculus.VR.Editor", "Oculus.VR.Editor.csproj", "{22B8BCC7-3EC7-6AC5-2575-E87337019F80}"
EndProject
Project("{FAE04EC0-301F-11D3-BF4B-00C04F79EFBC}") = "Meta.WitAi.Conduit.Editor", "Meta.WitAi.Conduit.Editor.csproj", "{939EBA33-FF2F-1A05-7724-2AA02A980FD2}"
EndProject
Project("{FAE04EC0-301F-11D3-BF4B-00C04F79EFBC}") = "VoiceSDK.Telemetry", "VoiceSDK.Telemetry.csproj", "{C35D2083-B4CE-9962-EAA0-3246913E791F}"
EndProject
Project("{FAE04EC0-301F-11D3-BF4B-00C04F79EFBC}") = "Oculus.Interaction.OVR.Editor", "Oculus.Interaction.OVR.Editor.csproj", "{9A068B7D-213D-E5C0-0C38-CC6A070AB46C}"
EndProject
Project("{FAE04EC0-301F-11D3-BF4B-00C04F79EFBC}") = "Meta.XR.BuildingBlocks.Editor", "Meta.XR.BuildingBlocks.Editor.csproj", "{C31E26C6-A8C3-9262-0CE1-BC05ECFE2572}"
EndProject
Project("{FAE04EC0-301F-11D3-BF4B-00C04F79EFBC}") = "Assembly-CSharp-Editor", "Assembly-CSharp-Editor.csproj", "{8AC68155-C2B9-D6B3-D022-603FA098E2B5}"
EndProject
Project("{FAE04EC0-301F-11D3-BF4B-00C04F79EFBC}") = "Oculus.Interaction.Samples.Editor", "Oculus.Interaction.Samples.Editor.csproj", "{CDF96A69-00F9-7097-3B87-718E41BAC752}"
EndProject
Project("{FAE04EC0-301F-11D3-BF4B-00C04F79EFBC}") = "Oculus.VR.Scripts.Editor", "Oculus.VR.Scripts.Editor.csproj", "{614D5767-61C6-6E88-A5EF-490086EF8A96}"
EndProject
Project("{FAE04EC0-301F-11D3-BF4B-00C04F79EFBC}") = "VoiceSDK.Editor", "VoiceSDK.Editor.csproj", "{EF1D1D6F-1343-052B-4480-34370D23903A}"
EndProject
Project("{FAE04EC0-301F-11D3-BF4B-00C04F79EFBC}") = "Oculus.Spatializer.Editor", "Oculus.Spatializer.Editor.csproj", "{A4A698CC-DA26-8269-0F74-8FFCF9B272E8}"
EndProject
Project("{FAE04EC0-301F-11D3-BF4B-00C04F79EFBC}") = "Meta.WitAi.TTS.Editor", "Meta.WitAi.TTS.Editor.csproj", "{6C16118E-8A92-F25C-0DAE-1D0EEB651B90}"
EndProject
Project("{FAE04EC0-301F-11D3-BF4B-00C04F79EFBC}") = "Facebook.Wit.Dictation.Editor", "Facebook.Wit.Dictation.Editor.csproj", "{E36ED269-BF86-C802-F309-CB2959A84E68}"
EndProject
Project("{FAE04EC0-301F-11D3-BF4B-00C04F79EFBC}") = "VoiceSDK.Dictation.Editor", "VoiceSDK.Dictation.Editor.csproj", "{7F638ABE-6288-0D9C-3296-5CA42484C237}"
EndProject
Project("{FAE04EC0-301F-11D3-BF4B-00C04F79EFBC}") = "Oculus.Platform.Editor", "Oculus.Platform.Editor.csproj", "{A55FC42B-F61C-2D91-724F-5E2295C435B1}"
EndProject
Project("{FAE04EC0-301F-11D3-BF4B-00C04F79EFBC}") = "Oculus.AudioManager.Audio.Editor", "Oculus.AudioManager.Audio.Editor.csproj", "{9D4A2AE4-9F92-C888-A0C0-40EDAE4181D4}"
EndProject
Project("{FAE04EC0-301F-11D3-BF4B-00C04F79EFBC}") = "Oculus.Interaction.InterfaceSupport", "Oculus.Interaction.InterfaceSupport.csproj", "{BEC277E4-6033-32D3-AF1C-2AB74684C066}"
EndProject
Project("{FAE04EC0-301F-11D3-BF4B-00C04F79EFBC}") = "Oculus.LipSync.Editor", "Oculus.LipSync.Editor.csproj", "{FEBD5B14-65A1-F55A-17C8-E2C2A161AFE1}"
EndProject
Project("{FAE04EC0-301F-11D3-BF4B-00C04F79EFBC}") = "Meta.Voice.VSDKHub.Editor", "Meta.Voice.VSDKHub.Editor.csproj", "{81B31D08-221A-F7C9-C498-B6BF1617F573}"
EndProject
Project("{FAE04EC0-301F-11D3-BF4B-00C04F79EFBC}") = "AssistantCoreSDKEditor", "AssistantCoreSDKEditor.csproj", "{04CB7941-6A08-5BA1-9AA5-796ADC32B7A7}"
EndProject
Project("{FAE04EC0-301F-11D3-BF4B-00C04F79EFBC}") = "Oculus.AudioManager.Utils.Editor", "Oculus.AudioManager.Utils.Editor.csproj", "{B49D3138-A48D-F368-A720-2E2402A10ABD}"
EndProject
Global
	GlobalSection(SolutionConfigurationPlatforms) = preSolution
		Debug|Any CPU = Debug|Any CPU
		Release|Any CPU = Release|Any CPU
	EndGlobalSection
	GlobalSection(ProjectConfigurationPlatforms) = postSolution
		{C83BF33B-CC26-17B9-6BCA-ADCF2BFD15CA}.Debug|Any CPU.ActiveCfg = Debug|Any CPU
		{C83BF33B-CC26-17B9-6BCA-ADCF2BFD15CA}.Debug|Any CPU.Build.0 = Debug|Any CPU
		{C83BF33B-CC26-17B9-6BCA-ADCF2BFD15CA}.Release|Any CPU.ActiveCfg = Release|Any CPU
		{C83BF33B-CC26-17B9-6BCA-ADCF2BFD15CA}.Release|Any CPU.Build.0 = Release|Any CPU
		{98E8AA19-57F6-19AE-DCC6-48BEBD8B30EB}.Debug|Any CPU.ActiveCfg = Debug|Any CPU
		{98E8AA19-57F6-19AE-DCC6-48BEBD8B30EB}.Debug|Any CPU.Build.0 = Debug|Any CPU
		{98E8AA19-57F6-19AE-DCC6-48BEBD8B30EB}.Release|Any CPU.ActiveCfg = Release|Any CPU
		{98E8AA19-57F6-19AE-DCC6-48BEBD8B30EB}.Release|Any CPU.Build.0 = Release|Any CPU
		{C454BA3C-7AAA-FFBC-916B-B9BCACE18173}.Debug|Any CPU.ActiveCfg = Debug|Any CPU
		{C454BA3C-7AAA-FFBC-916B-B9BCACE18173}.Debug|Any CPU.Build.0 = Debug|Any CPU
		{C454BA3C-7AAA-FFBC-916B-B9BCACE18173}.Release|Any CPU.ActiveCfg = Release|Any CPU
		{C454BA3C-7AAA-FFBC-916B-B9BCACE18173}.Release|Any CPU.Build.0 = Release|Any CPU
		{196B9C7E-DCC1-72D0-FEBE-0A747090D333}.Debug|Any CPU.ActiveCfg = Debug|Any CPU
		{196B9C7E-DCC1-72D0-FEBE-0A747090D333}.Debug|Any CPU.Build.0 = Debug|Any CPU
		{196B9C7E-DCC1-72D0-FEBE-0A747090D333}.Release|Any CPU.ActiveCfg = Release|Any CPU
		{196B9C7E-DCC1-72D0-FEBE-0A747090D333}.Release|Any CPU.Build.0 = Release|Any CPU
		{6786D26B-9B05-214C-1FB8-3B34966FF1EE}.Debug|Any CPU.ActiveCfg = Debug|Any CPU
		{6786D26B-9B05-214C-1FB8-3B34966FF1EE}.Debug|Any CPU.Build.0 = Debug|Any CPU
		{6786D26B-9B05-214C-1FB8-3B34966FF1EE}.Release|Any CPU.ActiveCfg = Release|Any CPU
		{6786D26B-9B05-214C-1FB8-3B34966FF1EE}.Release|Any CPU.Build.0 = Release|Any CPU
		{BF38195C-C804-D743-866B-10200BA095B5}.Debug|Any CPU.ActiveCfg = Debug|Any CPU
		{BF38195C-C804-D743-866B-10200BA095B5}.Debug|Any CPU.Build.0 = Debug|Any CPU
		{BF38195C-C804-D743-866B-10200BA095B5}.Release|Any CPU.ActiveCfg = Release|Any CPU
		{BF38195C-C804-D743-866B-10200BA095B5}.Release|Any CPU.Build.0 = Release|Any CPU
		{C703E053-DFF4-5801-B070-362151DB6666}.Debug|Any CPU.ActiveCfg = Debug|Any CPU
		{C703E053-DFF4-5801-B070-362151DB6666}.Debug|Any CPU.Build.0 = Debug|Any CPU
		{C703E053-DFF4-5801-B070-362151DB6666}.Release|Any CPU.ActiveCfg = Release|Any CPU
		{C703E053-DFF4-5801-B070-362151DB6666}.Release|Any CPU.Build.0 = Release|Any CPU
		{BAF1718B-C02D-1FCB-990A-F0813DAD8B6E}.Debug|Any CPU.ActiveCfg = Debug|Any CPU
		{BAF1718B-C02D-1FCB-990A-F0813DAD8B6E}.Debug|Any CPU.Build.0 = Debug|Any CPU
		{BAF1718B-C02D-1FCB-990A-F0813DAD8B6E}.Release|Any CPU.ActiveCfg = Release|Any CPU
		{BAF1718B-C02D-1FCB-990A-F0813DAD8B6E}.Release|Any CPU.Build.0 = Release|Any CPU
		{80B4ABA9-58A6-4953-81DC-6A486D85C67B}.Debug|Any CPU.ActiveCfg = Debug|Any CPU
		{80B4ABA9-58A6-4953-81DC-6A486D85C67B}.Debug|Any CPU.Build.0 = Debug|Any CPU
		{80B4ABA9-58A6-4953-81DC-6A486D85C67B}.Release|Any CPU.ActiveCfg = Release|Any CPU
		{80B4ABA9-58A6-4953-81DC-6A486D85C67B}.Release|Any CPU.Build.0 = Release|Any CPU
		{B44D86E3-A4B5-B70F-F4F5-970C45DA8C64}.Debug|Any CPU.ActiveCfg = Debug|Any CPU
		{B44D86E3-A4B5-B70F-F4F5-970C45DA8C64}.Debug|Any CPU.Build.0 = Debug|Any CPU
		{B44D86E3-A4B5-B70F-F4F5-970C45DA8C64}.Release|Any CPU.ActiveCfg = Release|Any CPU
		{B44D86E3-A4B5-B70F-F4F5-970C45DA8C64}.Release|Any CPU.Build.0 = Release|Any CPU
		{0A585362-2981-D2D6-6B8D-F48A27A9303F}.Debug|Any CPU.ActiveCfg = Debug|Any CPU
		{0A585362-2981-D2D6-6B8D-F48A27A9303F}.Debug|Any CPU.Build.0 = Debug|Any CPU
		{0A585362-2981-D2D6-6B8D-F48A27A9303F}.Release|Any CPU.ActiveCfg = Release|Any CPU
		{0A585362-2981-D2D6-6B8D-F48A27A9303F}.Release|Any CPU.Build.0 = Release|Any CPU
		{8D567C5A-3E9B-ED85-48C9-51E1318E70E6}.Debug|Any CPU.ActiveCfg = Debug|Any CPU
		{8D567C5A-3E9B-ED85-48C9-51E1318E70E6}.Debug|Any CPU.Build.0 = Debug|Any CPU
		{8D567C5A-3E9B-ED85-48C9-51E1318E70E6}.Release|Any CPU.ActiveCfg = Release|Any CPU
		{8D567C5A-3E9B-ED85-48C9-51E1318E70E6}.Release|Any CPU.Build.0 = Release|Any CPU
		{6FBAE4C5-0465-CFA4-FDCB-D9FF81741E58}.Debug|Any CPU.ActiveCfg = Debug|Any CPU
		{6FBAE4C5-0465-CFA4-FDCB-D9FF81741E58}.Debug|Any CPU.Build.0 = Debug|Any CPU
		{6FBAE4C5-0465-CFA4-FDCB-D9FF81741E58}.Release|Any CPU.ActiveCfg = Release|Any CPU
		{6FBAE4C5-0465-CFA4-FDCB-D9FF81741E58}.Release|Any CPU.Build.0 = Release|Any CPU
		{F7CE4720-A6C0-02FA-16DA-30AD55E10B9B}.Debug|Any CPU.ActiveCfg = Debug|Any CPU
		{F7CE4720-A6C0-02FA-16DA-30AD55E10B9B}.Debug|Any CPU.Build.0 = Debug|Any CPU
		{F7CE4720-A6C0-02FA-16DA-30AD55E10B9B}.Release|Any CPU.ActiveCfg = Release|Any CPU
		{F7CE4720-A6C0-02FA-16DA-30AD55E10B9B}.Release|Any CPU.Build.0 = Release|Any CPU
		{38CD6853-E7DB-9DDF-9011-EFC29F921EBF}.Debug|Any CPU.ActiveCfg = Debug|Any CPU
		{38CD6853-E7DB-9DDF-9011-EFC29F921EBF}.Debug|Any CPU.Build.0 = Debug|Any CPU
		{38CD6853-E7DB-9DDF-9011-EFC29F921EBF}.Release|Any CPU.ActiveCfg = Release|Any CPU
		{38CD6853-E7DB-9DDF-9011-EFC29F921EBF}.Release|Any CPU.Build.0 = Release|Any CPU
		{3ED0DCF2-1813-B9CB-75D6-D9915C70CDE7}.Debug|Any CPU.ActiveCfg = Debug|Any CPU
		{3ED0DCF2-1813-B9CB-75D6-D9915C70CDE7}.Debug|Any CPU.Build.0 = Debug|Any CPU
		{3ED0DCF2-1813-B9CB-75D6-D9915C70CDE7}.Release|Any CPU.ActiveCfg = Release|Any CPU
		{3ED0DCF2-1813-B9CB-75D6-D9915C70CDE7}.Release|Any CPU.Build.0 = Release|Any CPU
		{411550A7-9D98-BB92-9AA7-6C324D10971E}.Debug|Any CPU.ActiveCfg = Debug|Any CPU
		{411550A7-9D98-BB92-9AA7-6C324D10971E}.Debug|Any CPU.Build.0 = Debug|Any CPU
		{411550A7-9D98-BB92-9AA7-6C324D10971E}.Release|Any CPU.ActiveCfg = Release|Any CPU
		{411550A7-9D98-BB92-9AA7-6C324D10971E}.Release|Any CPU.Build.0 = Release|Any CPU
		{0CB4C9E0-313D-3D82-01F9-E909B1D46BA8}.Debug|Any CPU.ActiveCfg = Debug|Any CPU
		{0CB4C9E0-313D-3D82-01F9-E909B1D46BA8}.Debug|Any CPU.Build.0 = Debug|Any CPU
		{0CB4C9E0-313D-3D82-01F9-E909B1D46BA8}.Release|Any CPU.ActiveCfg = Release|Any CPU
		{0CB4C9E0-313D-3D82-01F9-E909B1D46BA8}.Release|Any CPU.Build.0 = Release|Any CPU
		{0F3316E4-E74D-3B90-1836-B1B0190DF204}.Debug|Any CPU.ActiveCfg = Debug|Any CPU
		{0F3316E4-E74D-3B90-1836-B1B0190DF204}.Debug|Any CPU.Build.0 = Debug|Any CPU
		{0F3316E4-E74D-3B90-1836-B1B0190DF204}.Release|Any CPU.ActiveCfg = Release|Any CPU
		{0F3316E4-E74D-3B90-1836-B1B0190DF204}.Release|Any CPU.Build.0 = Release|Any CPU
		{8B8A9C7F-F590-AFFA-CB69-07C08F7E5BF2}.Debug|Any CPU.ActiveCfg = Debug|Any CPU
		{8B8A9C7F-F590-AFFA-CB69-07C08F7E5BF2}.Debug|Any CPU.Build.0 = Debug|Any CPU
		{8B8A9C7F-F590-AFFA-CB69-07C08F7E5BF2}.Release|Any CPU.ActiveCfg = Release|Any CPU
		{8B8A9C7F-F590-AFFA-CB69-07C08F7E5BF2}.Release|Any CPU.Build.0 = Release|Any CPU
		{1E05504F-C58E-36E5-053B-1431385C491E}.Debug|Any CPU.ActiveCfg = Debug|Any CPU
		{1E05504F-C58E-36E5-053B-1431385C491E}.Debug|Any CPU.Build.0 = Debug|Any CPU
		{1E05504F-C58E-36E5-053B-1431385C491E}.Release|Any CPU.ActiveCfg = Release|Any CPU
		{1E05504F-C58E-36E5-053B-1431385C491E}.Release|Any CPU.Build.0 = Release|Any CPU
		{F2A337D0-52E9-AAF2-1E17-9907A0767BD8}.Debug|Any CPU.ActiveCfg = Debug|Any CPU
		{F2A337D0-52E9-AAF2-1E17-9907A0767BD8}.Debug|Any CPU.Build.0 = Debug|Any CPU
		{F2A337D0-52E9-AAF2-1E17-9907A0767BD8}.Release|Any CPU.ActiveCfg = Release|Any CPU
		{F2A337D0-52E9-AAF2-1E17-9907A0767BD8}.Release|Any CPU.Build.0 = Release|Any CPU
		{58218D26-905E-DD9F-40D0-60AC755B20B7}.Debug|Any CPU.ActiveCfg = Debug|Any CPU
		{58218D26-905E-DD9F-40D0-60AC755B20B7}.Debug|Any CPU.Build.0 = Debug|Any CPU
		{58218D26-905E-DD9F-40D0-60AC755B20B7}.Release|Any CPU.ActiveCfg = Release|Any CPU
		{58218D26-905E-DD9F-40D0-60AC755B20B7}.Release|Any CPU.Build.0 = Release|Any CPU
		{B774040D-D2B2-C912-383D-DA3403271D99}.Debug|Any CPU.ActiveCfg = Debug|Any CPU
		{B774040D-D2B2-C912-383D-DA3403271D99}.Debug|Any CPU.Build.0 = Debug|Any CPU
		{B774040D-D2B2-C912-383D-DA3403271D99}.Release|Any CPU.ActiveCfg = Release|Any CPU
		{B774040D-D2B2-C912-383D-DA3403271D99}.Release|Any CPU.Build.0 = Release|Any CPU
		{1A2C5ED7-83C6-39C6-3211-4E60B276992D}.Debug|Any CPU.ActiveCfg = Debug|Any CPU
		{1A2C5ED7-83C6-39C6-3211-4E60B276992D}.Debug|Any CPU.Build.0 = Debug|Any CPU
		{1A2C5ED7-83C6-39C6-3211-4E60B276992D}.Release|Any CPU.ActiveCfg = Release|Any CPU
		{1A2C5ED7-83C6-39C6-3211-4E60B276992D}.Release|Any CPU.Build.0 = Release|Any CPU
		{B1E6E201-1ACE-B811-67A2-3046E4B51D62}.Debug|Any CPU.ActiveCfg = Debug|Any CPU
		{B1E6E201-1ACE-B811-67A2-3046E4B51D62}.Debug|Any CPU.Build.0 = Debug|Any CPU
		{B1E6E201-1ACE-B811-67A2-3046E4B51D62}.Release|Any CPU.ActiveCfg = Release|Any CPU
		{B1E6E201-1ACE-B811-67A2-3046E4B51D62}.Release|Any CPU.Build.0 = Release|Any CPU
		{963AF924-76C4-ED52-DCE9-C1C0B75FF8C7}.Debug|Any CPU.ActiveCfg = Debug|Any CPU
		{963AF924-76C4-ED52-DCE9-C1C0B75FF8C7}.Debug|Any CPU.Build.0 = Debug|Any CPU
		{963AF924-76C4-ED52-DCE9-C1C0B75FF8C7}.Release|Any CPU.ActiveCfg = Release|Any CPU
		{963AF924-76C4-ED52-DCE9-C1C0B75FF8C7}.Release|Any CPU.Build.0 = Release|Any CPU
		{EAD3810E-0326-892D-5E3E-29A2514429B4}.Debug|Any CPU.ActiveCfg = Debug|Any CPU
		{EAD3810E-0326-892D-5E3E-29A2514429B4}.Debug|Any CPU.Build.0 = Debug|Any CPU
		{EAD3810E-0326-892D-5E3E-29A2514429B4}.Release|Any CPU.ActiveCfg = Release|Any CPU
		{EAD3810E-0326-892D-5E3E-29A2514429B4}.Release|Any CPU.Build.0 = Release|Any CPU
		{908D2A8D-27C0-0016-8C7A-A4ABA19722F6}.Debug|Any CPU.ActiveCfg = Debug|Any CPU
		{908D2A8D-27C0-0016-8C7A-A4ABA19722F6}.Debug|Any CPU.Build.0 = Debug|Any CPU
		{908D2A8D-27C0-0016-8C7A-A4ABA19722F6}.Release|Any CPU.ActiveCfg = Release|Any CPU
		{908D2A8D-27C0-0016-8C7A-A4ABA19722F6}.Release|Any CPU.Build.0 = Release|Any CPU
		{E38665F4-230C-E127-B413-E536E6587E35}.Debug|Any CPU.ActiveCfg = Debug|Any CPU
		{E38665F4-230C-E127-B413-E536E6587E35}.Debug|Any CPU.Build.0 = Debug|Any CPU
		{E38665F4-230C-E127-B413-E536E6587E35}.Release|Any CPU.ActiveCfg = Release|Any CPU
		{E38665F4-230C-E127-B413-E536E6587E35}.Release|Any CPU.Build.0 = Release|Any CPU
		{08D77E1E-77E3-469A-D070-CECBAB6B5B4E}.Debug|Any CPU.ActiveCfg = Debug|Any CPU
		{08D77E1E-77E3-469A-D070-CECBAB6B5B4E}.Debug|Any CPU.Build.0 = Debug|Any CPU
		{08D77E1E-77E3-469A-D070-CECBAB6B5B4E}.Release|Any CPU.ActiveCfg = Release|Any CPU
		{08D77E1E-77E3-469A-D070-CECBAB6B5B4E}.Release|Any CPU.Build.0 = Release|Any CPU
		{E1C52EAF-CB19-F4A6-41DA-EE6F2717A2F5}.Debug|Any CPU.ActiveCfg = Debug|Any CPU
		{E1C52EAF-CB19-F4A6-41DA-EE6F2717A2F5}.Debug|Any CPU.Build.0 = Debug|Any CPU
		{E1C52EAF-CB19-F4A6-41DA-EE6F2717A2F5}.Release|Any CPU.ActiveCfg = Release|Any CPU
		{E1C52EAF-CB19-F4A6-41DA-EE6F2717A2F5}.Release|Any CPU.Build.0 = Release|Any CPU
		{8D2F735E-8ACF-41EE-BC47-CBC9D07901A4}.Debug|Any CPU.ActiveCfg = Debug|Any CPU
		{8D2F735E-8ACF-41EE-BC47-CBC9D07901A4}.Debug|Any CPU.Build.0 = Debug|Any CPU
		{8D2F735E-8ACF-41EE-BC47-CBC9D07901A4}.Release|Any CPU.ActiveCfg = Release|Any CPU
		{8D2F735E-8ACF-41EE-BC47-CBC9D07901A4}.Release|Any CPU.Build.0 = Release|Any CPU
		{EFC6DABA-D73A-BAA5-1A3A-DCED98242396}.Debug|Any CPU.ActiveCfg = Debug|Any CPU
		{EFC6DABA-D73A-BAA5-1A3A-DCED98242396}.Debug|Any CPU.Build.0 = Debug|Any CPU
		{EFC6DABA-D73A-BAA5-1A3A-DCED98242396}.Release|Any CPU.ActiveCfg = Release|Any CPU
		{EFC6DABA-D73A-BAA5-1A3A-DCED98242396}.Release|Any CPU.Build.0 = Release|Any CPU
		{22B8BCC7-3EC7-6AC5-2575-E87337019F80}.Debug|Any CPU.ActiveCfg = Debug|Any CPU
		{22B8BCC7-3EC7-6AC5-2575-E87337019F80}.Debug|Any CPU.Build.0 = Debug|Any CPU
		{22B8BCC7-3EC7-6AC5-2575-E87337019F80}.Release|Any CPU.ActiveCfg = Release|Any CPU
		{22B8BCC7-3EC7-6AC5-2575-E87337019F80}.Release|Any CPU.Build.0 = Release|Any CPU
		{939EBA33-FF2F-1A05-7724-2AA02A980FD2}.Debug|Any CPU.ActiveCfg = Debug|Any CPU
		{939EBA33-FF2F-1A05-7724-2AA02A980FD2}.Debug|Any CPU.Build.0 = Debug|Any CPU
		{939EBA33-FF2F-1A05-7724-2AA02A980FD2}.Release|Any CPU.ActiveCfg = Release|Any CPU
		{939EBA33-FF2F-1A05-7724-2AA02A980FD2}.Release|Any CPU.Build.0 = Release|Any CPU
		{C35D2083-B4CE-9962-EAA0-3246913E791F}.Debug|Any CPU.ActiveCfg = Debug|Any CPU
		{C35D2083-B4CE-9962-EAA0-3246913E791F}.Debug|Any CPU.Build.0 = Debug|Any CPU
		{C35D2083-B4CE-9962-EAA0-3246913E791F}.Release|Any CPU.ActiveCfg = Release|Any CPU
		{C35D2083-B4CE-9962-EAA0-3246913E791F}.Release|Any CPU.Build.0 = Release|Any CPU
		{9A068B7D-213D-E5C0-0C38-CC6A070AB46C}.Debug|Any CPU.ActiveCfg = Debug|Any CPU
		{9A068B7D-213D-E5C0-0C38-CC6A070AB46C}.Debug|Any CPU.Build.0 = Debug|Any CPU
		{9A068B7D-213D-E5C0-0C38-CC6A070AB46C}.Release|Any CPU.ActiveCfg = Release|Any CPU
		{9A068B7D-213D-E5C0-0C38-CC6A070AB46C}.Release|Any CPU.Build.0 = Release|Any CPU
		{C31E26C6-A8C3-9262-0CE1-BC05ECFE2572}.Debug|Any CPU.ActiveCfg = Debug|Any CPU
		{C31E26C6-A8C3-9262-0CE1-BC05ECFE2572}.Debug|Any CPU.Build.0 = Debug|Any CPU
		{C31E26C6-A8C3-9262-0CE1-BC05ECFE2572}.Release|Any CPU.ActiveCfg = Release|Any CPU
		{C31E26C6-A8C3-9262-0CE1-BC05ECFE2572}.Release|Any CPU.Build.0 = Release|Any CPU
		{8AC68155-C2B9-D6B3-D022-603FA098E2B5}.Debug|Any CPU.ActiveCfg = Debug|Any CPU
		{8AC68155-C2B9-D6B3-D022-603FA098E2B5}.Debug|Any CPU.Build.0 = Debug|Any CPU
		{8AC68155-C2B9-D6B3-D022-603FA098E2B5}.Release|Any CPU.ActiveCfg = Release|Any CPU
		{8AC68155-C2B9-D6B3-D022-603FA098E2B5}.Release|Any CPU.Build.0 = Release|Any CPU
		{CDF96A69-00F9-7097-3B87-718E41BAC752}.Debug|Any CPU.ActiveCfg = Debug|Any CPU
		{CDF96A69-00F9-7097-3B87-718E41BAC752}.Debug|Any CPU.Build.0 = Debug|Any CPU
		{CDF96A69-00F9-7097-3B87-718E41BAC752}.Release|Any CPU.ActiveCfg = Release|Any CPU
		{CDF96A69-00F9-7097-3B87-718E41BAC752}.Release|Any CPU.Build.0 = Release|Any CPU
		{614D5767-61C6-6E88-A5EF-490086EF8A96}.Debug|Any CPU.ActiveCfg = Debug|Any CPU
		{614D5767-61C6-6E88-A5EF-490086EF8A96}.Debug|Any CPU.Build.0 = Debug|Any CPU
		{614D5767-61C6-6E88-A5EF-490086EF8A96}.Release|Any CPU.ActiveCfg = Release|Any CPU
		{614D5767-61C6-6E88-A5EF-490086EF8A96}.Release|Any CPU.Build.0 = Release|Any CPU
		{EF1D1D6F-1343-052B-4480-34370D23903A}.Debug|Any CPU.ActiveCfg = Debug|Any CPU
		{EF1D1D6F-1343-052B-4480-34370D23903A}.Debug|Any CPU.Build.0 = Debug|Any CPU
		{EF1D1D6F-1343-052B-4480-34370D23903A}.Release|Any CPU.ActiveCfg = Release|Any CPU
		{EF1D1D6F-1343-052B-4480-34370D23903A}.Release|Any CPU.Build.0 = Release|Any CPU
		{A4A698CC-DA26-8269-0F74-8FFCF9B272E8}.Debug|Any CPU.ActiveCfg = Debug|Any CPU
		{A4A698CC-DA26-8269-0F74-8FFCF9B272E8}.Debug|Any CPU.Build.0 = Debug|Any CPU
		{A4A698CC-DA26-8269-0F74-8FFCF9B272E8}.Release|Any CPU.ActiveCfg = Release|Any CPU
		{A4A698CC-DA26-8269-0F74-8FFCF9B272E8}.Release|Any CPU.Build.0 = Release|Any CPU
		{6C16118E-8A92-F25C-0DAE-1D0EEB651B90}.Debug|Any CPU.ActiveCfg = Debug|Any CPU
		{6C16118E-8A92-F25C-0DAE-1D0EEB651B90}.Debug|Any CPU.Build.0 = Debug|Any CPU
		{6C16118E-8A92-F25C-0DAE-1D0EEB651B90}.Release|Any CPU.ActiveCfg = Release|Any CPU
		{6C16118E-8A92-F25C-0DAE-1D0EEB651B90}.Release|Any CPU.Build.0 = Release|Any CPU
		{E36ED269-BF86-C802-F309-CB2959A84E68}.Debug|Any CPU.ActiveCfg = Debug|Any CPU
		{E36ED269-BF86-C802-F309-CB2959A84E68}.Debug|Any CPU.Build.0 = Debug|Any CPU
		{E36ED269-BF86-C802-F309-CB2959A84E68}.Release|Any CPU.ActiveCfg = Release|Any CPU
		{E36ED269-BF86-C802-F309-CB2959A84E68}.Release|Any CPU.Build.0 = Release|Any CPU
		{7F638ABE-6288-0D9C-3296-5CA42484C237}.Debug|Any CPU.ActiveCfg = Debug|Any CPU
		{7F638ABE-6288-0D9C-3296-5CA42484C237}.Debug|Any CPU.Build.0 = Debug|Any CPU
		{7F638ABE-6288-0D9C-3296-5CA42484C237}.Release|Any CPU.ActiveCfg = Release|Any CPU
		{7F638ABE-6288-0D9C-3296-5CA42484C237}.Release|Any CPU.Build.0 = Release|Any CPU
		{A55FC42B-F61C-2D91-724F-5E2295C435B1}.Debug|Any CPU.ActiveCfg = Debug|Any CPU
		{A55FC42B-F61C-2D91-724F-5E2295C435B1}.Debug|Any CPU.Build.0 = Debug|Any CPU
		{A55FC42B-F61C-2D91-724F-5E2295C435B1}.Release|Any CPU.ActiveCfg = Release|Any CPU
		{A55FC42B-F61C-2D91-724F-5E2295C435B1}.Release|Any CPU.Build.0 = Release|Any CPU
		{9D4A2AE4-9F92-C888-A0C0-40EDAE4181D4}.Debug|Any CPU.ActiveCfg = Debug|Any CPU
		{9D4A2AE4-9F92-C888-A0C0-40EDAE4181D4}.Debug|Any CPU.Build.0 = Debug|Any CPU
		{9D4A2AE4-9F92-C888-A0C0-40EDAE4181D4}.Release|Any CPU.ActiveCfg = Release|Any CPU
		{9D4A2AE4-9F92-C888-A0C0-40EDAE4181D4}.Release|Any CPU.Build.0 = Release|Any CPU
		{BEC277E4-6033-32D3-AF1C-2AB74684C066}.Debug|Any CPU.ActiveCfg = Debug|Any CPU
		{BEC277E4-6033-32D3-AF1C-2AB74684C066}.Debug|Any CPU.Build.0 = Debug|Any CPU
		{BEC277E4-6033-32D3-AF1C-2AB74684C066}.Release|Any CPU.ActiveCfg = Release|Any CPU
		{BEC277E4-6033-32D3-AF1C-2AB74684C066}.Release|Any CPU.Build.0 = Release|Any CPU
		{FEBD5B14-65A1-F55A-17C8-E2C2A161AFE1}.Debug|Any CPU.ActiveCfg = Debug|Any CPU
		{FEBD5B14-65A1-F55A-17C8-E2C2A161AFE1}.Debug|Any CPU.Build.0 = Debug|Any CPU
		{FEBD5B14-65A1-F55A-17C8-E2C2A161AFE1}.Release|Any CPU.ActiveCfg = Release|Any CPU
		{FEBD5B14-65A1-F55A-17C8-E2C2A161AFE1}.Release|Any CPU.Build.0 = Release|Any CPU
		{81B31D08-221A-F7C9-C498-B6BF1617F573}.Debug|Any CPU.ActiveCfg = Debug|Any CPU
		{81B31D08-221A-F7C9-C498-B6BF1617F573}.Debug|Any CPU.Build.0 = Debug|Any CPU
		{81B31D08-221A-F7C9-C498-B6BF1617F573}.Release|Any CPU.ActiveCfg = Release|Any CPU
		{81B31D08-221A-F7C9-C498-B6BF1617F573}.Release|Any CPU.Build.0 = Release|Any CPU
		{04CB7941-6A08-5BA1-9AA5-796ADC32B7A7}.Debug|Any CPU.ActiveCfg = Debug|Any CPU
		{04CB7941-6A08-5BA1-9AA5-796ADC32B7A7}.Debug|Any CPU.Build.0 = Debug|Any CPU
		{04CB7941-6A08-5BA1-9AA5-796ADC32B7A7}.Release|Any CPU.ActiveCfg = Release|Any CPU
		{04CB7941-6A08-5BA1-9AA5-796ADC32B7A7}.Release|Any CPU.Build.0 = Release|Any CPU
		{B49D3138-A48D-F368-A720-2E2402A10ABD}.Debug|Any CPU.ActiveCfg = Debug|Any CPU
		{B49D3138-A48D-F368-A720-2E2402A10ABD}.Debug|Any CPU.Build.0 = Debug|Any CPU
		{B49D3138-A48D-F368-A720-2E2402A10ABD}.Release|Any CPU.ActiveCfg = Release|Any CPU
		{B49D3138-A48D-F368-A720-2E2402A10ABD}.Release|Any CPU.Build.0 = Release|Any CPU
	EndGlobalSection
	GlobalSection(SolutionProperties) = preSolution
		HideSolutionNode = FALSE
	EndGlobalSection
EndGlobal
